<?xml version="1.0" encoding="utf-8"?>
<Project ToolsVersion="16.0" xmlns="http://schemas.microsoft.com/developer/msbuild/2003">
  <ItemGroup>
    <ClCompile Include="C:\GitHub\elevator\code\main.cpp">
      <Filter>Source Files</Filter>
    </ClCompile>
    <ClCompile Include="C:\GitHub\elevator\code\Control.cpp">
      <Filter>Source Files</Filter>
    </ClCompile>
    <ClCompile Include="C:\GitHub\elevator\code\Elevator.cpp">
      <Filter>Source Files</Filter>
    </ClCompile>
  </ItemGroup>
  <ItemGroup>
    <ClInclude Include="C:\GitHub\elevator\code\Passenger.h">
      <Filter>Header Files</Filter>
    </ClInclude>
    <ClInclude Include="C:\GitHub\elevator\code\Queue.h">
      <Filter>Header Files</Filter>
    </ClInclude>
    <ClInclude Include="C:\GitHub\elevator\code\FloorButtons.h">
      <Filter>Header Files</Filter>
    </ClInclude>
  </ItemGroup>
  <ItemGroup>
    <CustomBuild Include="C:\GitHub\elevator\code\CMakeLists.txt" />
  </ItemGroup>
  <ItemGroup>
    <Filter Include="Header Files">
      <UniqueIdentifier>{96679175-8ECE-369F-B787-3C2C3090A2CE}</UniqueIdentifier>
    </Filter>
    <Filter Include="Source Files">
      <UniqueIdentifier>{A6632E49-7A31-318E-A68D-7D4A648869FA}</UniqueIdentifier>
    </Filter>
  </ItemGroup>
</Project>
